
Microsoft Visual Studio Solution File, Format Version 12.00
# Visual Studio Version 16
VisualStudioVersion = 16.0.30320.27
MinimumVisualStudioVersion = 10.0.40219.1
Project("{FAE04EC0-301F-11D3-BF4B-00C04F79EFBC}") = "MSlab2", "MSlab2\MSlab2.csproj", "{4F8E0CDA-ED4A-40B1-A5CA-4F30E21E0672}"
EndProject
Global
	GlobalSection(SolutionConfigurationPlatforms) = preSolution
		Debug|Any CPU = Debug|Any CPU
		Release|Any CPU = Release|Any CPU
	EndGlobalSection
	GlobalSection(ProjectConfigurationPlatforms) = postSolution
		{4F8E0CDA-ED4A-40B1-A5CA-4F30E21E0672}.Debug|Any CPU.ActiveCfg = Debug|Any CPU
		{4F8E0CDA-ED4A-40B1-A5CA-4F30E21E0672}.Debug|Any CPU.Build.0 = Debug|Any CPU
		{4F8E0CDA-ED4A-40B1-A5CA-4F30E21E0672}.Release|Any CPU.ActiveCfg = Release|Any CPU
		{4F8E0CDA-ED4A-40B1-A5CA-4F30E21E0672}.Release|Any CPU.Build.0 = Release|Any CPU
	EndGlobalSection
	GlobalSection(SolutionProperties) = preSolution
		HideSolutionNode = FALSE
	EndGlobalSection
	GlobalSection(ExtensibilityGlobals) = postSolution
		SolutionGuid = {5E304C26-9FF2-477A-8CFC-4E48FBD239BF}
	EndGlobalSection
EndGlobal
