
Microsoft Visual Studio Solution File, Format Version 12.00
# Visual Studio Version 16
VisualStudioVersion = 16.0.30320.27
MinimumVisualStudioVersion = 10.0.40219.1
Project("{FAE04EC0-301F-11D3-BF4B-00C04F79EFBC}") = "MS_lab8", "MS_lab8\MS_lab8.csproj", "{1315E84C-E0DA-4FD8-B91A-4A3A15ADCC0B}"
EndProject
Global
	GlobalSection(SolutionConfigurationPlatforms) = preSolution
		Debug|Any CPU = Debug|Any CPU
		Release|Any CPU = Release|Any CPU
	EndGlobalSection
	GlobalSection(ProjectConfigurationPlatforms) = postSolution
		{1315E84C-E0DA-4FD8-B91A-4A3A15ADCC0B}.Debug|Any CPU.ActiveCfg = Debug|Any CPU
		{1315E84C-E0DA-4FD8-B91A-4A3A15ADCC0B}.Debug|Any CPU.Build.0 = Debug|Any CPU
		{1315E84C-E0DA-4FD8-B91A-4A3A15ADCC0B}.Release|Any CPU.ActiveCfg = Release|Any CPU
		{1315E84C-E0DA-4FD8-B91A-4A3A15ADCC0B}.Release|Any CPU.Build.0 = Release|Any CPU
	EndGlobalSection
	GlobalSection(SolutionProperties) = preSolution
		HideSolutionNode = FALSE
	EndGlobalSection
	GlobalSection(ExtensibilityGlobals) = postSolution
		SolutionGuid = {E00AF19C-2FF8-4D13-9763-0FEEF08A67F6}
	EndGlobalSection
EndGlobal
