
Microsoft Visual Studio Solution File, Format Version 12.00
# Visual Studio Version 16
VisualStudioVersion = 16.0.30320.27
MinimumVisualStudioVersion = 10.0.40219.1
Project("{9A19103F-16F7-4668-BE54-9A1E7A4F7556}") = "MSlab4AllinOne", "MSlab4AllinOne\MSlab4AllinOne.csproj", "{AD8B4CC1-1505-48EE-B749-F37553E065FE}"
EndProject
Global
	GlobalSection(SolutionConfigurationPlatforms) = preSolution
		Debug|Any CPU = Debug|Any CPU
		Release|Any CPU = Release|Any CPU
	EndGlobalSection
	GlobalSection(ProjectConfigurationPlatforms) = postSolution
		{AD8B4CC1-1505-48EE-B749-F37553E065FE}.Debug|Any CPU.ActiveCfg = Debug|Any CPU
		{AD8B4CC1-1505-48EE-B749-F37553E065FE}.Debug|Any CPU.Build.0 = Debug|Any CPU
		{AD8B4CC1-1505-48EE-B749-F37553E065FE}.Release|Any CPU.ActiveCfg = Release|Any CPU
		{AD8B4CC1-1505-48EE-B749-F37553E065FE}.Release|Any CPU.Build.0 = Release|Any CPU
	EndGlobalSection
	GlobalSection(SolutionProperties) = preSolution
		HideSolutionNode = FALSE
	EndGlobalSection
	GlobalSection(ExtensibilityGlobals) = postSolution
		SolutionGuid = {E17BC51D-1AD6-4D89-8D6D-E15273A4A431}
	EndGlobalSection
EndGlobal
